
Microsoft Visual Studio Solution File, Format Version 12.00
# Visual Studio Version 17
VisualStudioVersion = 17.7.34024.191
MinimumVisualStudioVersion = 10.0.40219.1
Project("{9A19103F-16F7-4668-BE54-9A1E7A4F7556}") = "InterviewTracker.Web", "InterviewTracker.Web\InterviewTracker.Web.csproj", "{C9B52CC9-4B97-489C-B907-BBFE48FD4E2A}"
EndProject
Project("{9A19103F-16F7-4668-BE54-9A1E7A4F7556}") = "InterviewTracker.BusinessLogic", "InterviewTracker.BusinessLogic\InterviewTracker.BusinessLogic.csproj", "{511FF81D-A7FE-4769-9C66-10E2BC6CC62F}"
EndProject
Project("{9A19103F-16F7-4668-BE54-9A1E7A4F7556}") = "InterviewTracker.DataAccess", "InterviewTracker.DataAccess\InterviewTracker.DataAccess.csproj", "{BA226151-AD0E-494A-928F-F4F6A9528680}"
EndProject
Project("{9A19103F-16F7-4668-BE54-9A1E7A4F7556}") = "InterviewTracker.DataObject", "InterviewTracker.DataObject\InterviewTracker.DataObject.csproj", "{855457EF-90DB-4EA3-8B6E-D65B2A71FF59}"
EndProject
Project("{FAE04EC0-301F-11D3-BF4B-00C04F79EFBC}") = "InterviewTracker.Test", "InterviewTracker.Test\InterviewTracker.Test.csproj", "{BAB51829-A655-4AF0-AECB-761DF5873FC3}"
EndProject
Global
	GlobalSection(SolutionConfigurationPlatforms) = preSolution
		Debug|Any CPU = Debug|Any CPU
		Release|Any CPU = Release|Any CPU
	EndGlobalSection
	GlobalSection(ProjectConfigurationPlatforms) = postSolution
		{C9B52CC9-4B97-489C-B907-BBFE48FD4E2A}.Debug|Any CPU.ActiveCfg = Debug|Any CPU
		{C9B52CC9-4B97-489C-B907-BBFE48FD4E2A}.Debug|Any CPU.Build.0 = Debug|Any CPU
		{C9B52CC9-4B97-489C-B907-BBFE48FD4E2A}.Release|Any CPU.ActiveCfg = Release|Any CPU
		{C9B52CC9-4B97-489C-B907-BBFE48FD4E2A}.Release|Any CPU.Build.0 = Release|Any CPU
		{511FF81D-A7FE-4769-9C66-10E2BC6CC62F}.Debug|Any CPU.ActiveCfg = Debug|Any CPU
		{511FF81D-A7FE-4769-9C66-10E2BC6CC62F}.Debug|Any CPU.Build.0 = Debug|Any CPU
		{511FF81D-A7FE-4769-9C66-10E2BC6CC62F}.Release|Any CPU.ActiveCfg = Release|Any CPU
		{511FF81D-A7FE-4769-9C66-10E2BC6CC62F}.Release|Any CPU.Build.0 = Release|Any CPU
		{BA226151-AD0E-494A-928F-F4F6A9528680}.Debug|Any CPU.ActiveCfg = Debug|Any CPU
		{BA226151-AD0E-494A-928F-F4F6A9528680}.Debug|Any CPU.Build.0 = Debug|Any CPU
		{BA226151-AD0E-494A-928F-F4F6A9528680}.Release|Any CPU.ActiveCfg = Release|Any CPU
		{BA226151-AD0E-494A-928F-F4F6A9528680}.Release|Any CPU.Build.0 = Release|Any CPU
		{855457EF-90DB-4EA3-8B6E-D65B2A71FF59}.Debug|Any CPU.ActiveCfg = Debug|Any CPU
		{855457EF-90DB-4EA3-8B6E-D65B2A71FF59}.Debug|Any CPU.Build.0 = Debug|Any CPU
		{855457EF-90DB-4EA3-8B6E-D65B2A71FF59}.Release|Any CPU.ActiveCfg = Release|Any CPU
		{855457EF-90DB-4EA3-8B6E-D65B2A71FF59}.Release|Any CPU.Build.0 = Release|Any CPU
		{BAB51829-A655-4AF0-AECB-761DF5873FC3}.Debug|Any CPU.ActiveCfg = Debug|Any CPU
		{BAB51829-A655-4AF0-AECB-761DF5873FC3}.Debug|Any CPU.Build.0 = Debug|Any CPU
		{BAB51829-A655-4AF0-AECB-761DF5873FC3}.Release|Any CPU.ActiveCfg = Release|Any CPU
		{BAB51829-A655-4AF0-AECB-761DF5873FC3}.Release|Any CPU.Build.0 = Release|Any CPU
	EndGlobalSection
	GlobalSection(SolutionProperties) = preSolution
		HideSolutionNode = FALSE
	EndGlobalSection
	GlobalSection(ExtensibilityGlobals) = postSolution
		SolutionGuid = {FC39895D-428A-4D45-8192-4BE23F36FC00}
	EndGlobalSection
EndGlobal
